
Microsoft Visual Studio Solution File, Format Version 12.00
# Visual Studio Version 17
VisualStudioVersion = 17.12.35527.113
MinimumVisualStudioVersion = 10.0.40219.1
Project("{FAE04EC0-301F-11D3-BF4B-00C04F79EFBC}") = "CsharpFundamentals.ConsoleApp", "ConsoleApp1\CsharpFundamentals.ConsoleApp.csproj", "{92AA2E17-A353-4890-836A-6E6043C44EEB}"
EndProject
Global
	GlobalSection(SolutionConfigurationPlatforms) = preSolution
		Debug|Any CPU = Debug|Any CPU
		Release|Any CPU = Release|Any CPU
	EndGlobalSection
	GlobalSection(ProjectConfigurationPlatforms) = postSolution
		{92AA2E17-A353-4890-836A-6E6043C44EEB}.Debug|Any CPU.ActiveCfg = Debug|Any CPU
		{92AA2E17-A353-4890-836A-6E6043C44EEB}.Debug|Any CPU.Build.0 = Debug|Any CPU
		{92AA2E17-A353-4890-836A-6E6043C44EEB}.Release|Any CPU.ActiveCfg = Release|Any CPU
		{92AA2E17-A353-4890-836A-6E6043C44EEB}.Release|Any CPU.Build.0 = Release|Any CPU
	EndGlobalSection
	GlobalSection(SolutionProperties) = preSolution
		HideSolutionNode = FALSE
	EndGlobalSection
EndGlobal
